
Microsoft Visual Studio Solution File, Format Version 12.00
# Visual Studio Version 17
VisualStudioVersion = 17.0.31912.275
MinimumVisualStudioVersion = 10.0.40219.1
Project("{9A19103F-16F7-4668-BE54-9A1E7A4F7556}") = "ASP_IDP", "ASP_IDP\ASP_IDP.csproj", "{AFEFC77A-3418-4457-8B18-00767B009E1F}"
EndProject
Project("{9A19103F-16F7-4668-BE54-9A1E7A4F7556}") = "ASP_GATEWAY", "ASP_GATEWAY\ASP_GATEWAY.csproj", "{CCFBB571-FC40-4EA1-B4E4-A840E5B473FC}"
EndProject
Project("{9A19103F-16F7-4668-BE54-9A1E7A4F7556}") = "ASP_ResourceServer", "ASP_ResourceServer\ASP_ResourceServer.csproj", "{EF0B5259-204B-4868-A992-8FB8E277C949}"
EndProject
Global
	GlobalSection(SolutionConfigurationPlatforms) = preSolution
		Debug|Any CPU = Debug|Any CPU
		Release|Any CPU = Release|Any CPU
	EndGlobalSection
	GlobalSection(ProjectConfigurationPlatforms) = postSolution
		{AFEFC77A-3418-4457-8B18-00767B009E1F}.Debug|Any CPU.ActiveCfg = Debug|Any CPU
		{AFEFC77A-3418-4457-8B18-00767B009E1F}.Debug|Any CPU.Build.0 = Debug|Any CPU
		{AFEFC77A-3418-4457-8B18-00767B009E1F}.Release|Any CPU.ActiveCfg = Release|Any CPU
		{AFEFC77A-3418-4457-8B18-00767B009E1F}.Release|Any CPU.Build.0 = Release|Any CPU
		{CCFBB571-FC40-4EA1-B4E4-A840E5B473FC}.Debug|Any CPU.ActiveCfg = Debug|Any CPU
		{CCFBB571-FC40-4EA1-B4E4-A840E5B473FC}.Debug|Any CPU.Build.0 = Debug|Any CPU
		{CCFBB571-FC40-4EA1-B4E4-A840E5B473FC}.Release|Any CPU.ActiveCfg = Release|Any CPU
		{CCFBB571-FC40-4EA1-B4E4-A840E5B473FC}.Release|Any CPU.Build.0 = Release|Any CPU
		{EF0B5259-204B-4868-A992-8FB8E277C949}.Debug|Any CPU.ActiveCfg = Debug|Any CPU
		{EF0B5259-204B-4868-A992-8FB8E277C949}.Debug|Any CPU.Build.0 = Debug|Any CPU
		{EF0B5259-204B-4868-A992-8FB8E277C949}.Release|Any CPU.ActiveCfg = Release|Any CPU
		{EF0B5259-204B-4868-A992-8FB8E277C949}.Release|Any CPU.Build.0 = Release|Any CPU
	EndGlobalSection
	GlobalSection(SolutionProperties) = preSolution
		HideSolutionNode = FALSE
	EndGlobalSection
	GlobalSection(ExtensibilityGlobals) = postSolution
		SolutionGuid = {3ECCF550-BD33-4EE1-AB8B-59042DFFFCC8}
	EndGlobalSection
EndGlobal
